
Microsoft Visual Studio Solution File, Format Version 12.00
# Visual Studio Version 17
VisualStudioVersion = 17.11.35312.102
MinimumVisualStudioVersion = 10.0.40219.1
Project("{FAE04EC0-301F-11D3-BF4B-00C04F79EFBC}") = "Teledok", "WebApplication1\Teledok.csproj", "{746B5E41-E6FD-4C49-9BD8-9B8E7C5EC083}"
EndProject
Project("{FAE04EC0-301F-11D3-BF4B-00C04F79EFBC}") = "Teledok.Aplication", "Teledok.Aplication\Teledok.Aplication.csproj", "{B7CA72A3-DEA4-411E-A684-E3BE797EDD0E}"
EndProject
Project("{FAE04EC0-301F-11D3-BF4B-00C04F79EFBC}") = "Teledok.DataBase", "Teledok.DataBase\Teledok.DataBase.csproj", "{8F708CBF-98F6-441A-91F6-9F3A7BE37D55}"
EndProject
Project("{9A19103F-16F7-4668-BE54-9A1E7A4F7556}") = "Teledok.Core", "Teledol.Core\Teledok.Core.csproj", "{C3133CA4-F3CB-4957-BB4D-FAFE1F47DB13}"
EndProject
Global
	GlobalSection(SolutionConfigurationPlatforms) = preSolution
		Debug|Any CPU = Debug|Any CPU
		Release|Any CPU = Release|Any CPU
	EndGlobalSection
	GlobalSection(ProjectConfigurationPlatforms) = postSolution
		{746B5E41-E6FD-4C49-9BD8-9B8E7C5EC083}.Debug|Any CPU.ActiveCfg = Debug|Any CPU
		{746B5E41-E6FD-4C49-9BD8-9B8E7C5EC083}.Debug|Any CPU.Build.0 = Debug|Any CPU
		{746B5E41-E6FD-4C49-9BD8-9B8E7C5EC083}.Release|Any CPU.ActiveCfg = Release|Any CPU
		{746B5E41-E6FD-4C49-9BD8-9B8E7C5EC083}.Release|Any CPU.Build.0 = Release|Any CPU
		{B7CA72A3-DEA4-411E-A684-E3BE797EDD0E}.Debug|Any CPU.ActiveCfg = Debug|Any CPU
		{B7CA72A3-DEA4-411E-A684-E3BE797EDD0E}.Debug|Any CPU.Build.0 = Debug|Any CPU
		{B7CA72A3-DEA4-411E-A684-E3BE797EDD0E}.Release|Any CPU.ActiveCfg = Release|Any CPU
		{B7CA72A3-DEA4-411E-A684-E3BE797EDD0E}.Release|Any CPU.Build.0 = Release|Any CPU
		{8F708CBF-98F6-441A-91F6-9F3A7BE37D55}.Debug|Any CPU.ActiveCfg = Debug|Any CPU
		{8F708CBF-98F6-441A-91F6-9F3A7BE37D55}.Debug|Any CPU.Build.0 = Debug|Any CPU
		{8F708CBF-98F6-441A-91F6-9F3A7BE37D55}.Release|Any CPU.ActiveCfg = Release|Any CPU
		{8F708CBF-98F6-441A-91F6-9F3A7BE37D55}.Release|Any CPU.Build.0 = Release|Any CPU
		{C3133CA4-F3CB-4957-BB4D-FAFE1F47DB13}.Debug|Any CPU.ActiveCfg = Debug|Any CPU
		{C3133CA4-F3CB-4957-BB4D-FAFE1F47DB13}.Debug|Any CPU.Build.0 = Debug|Any CPU
		{C3133CA4-F3CB-4957-BB4D-FAFE1F47DB13}.Release|Any CPU.ActiveCfg = Release|Any CPU
		{C3133CA4-F3CB-4957-BB4D-FAFE1F47DB13}.Release|Any CPU.Build.0 = Release|Any CPU
	EndGlobalSection
	GlobalSection(SolutionProperties) = preSolution
		HideSolutionNode = FALSE
	EndGlobalSection
	GlobalSection(ExtensibilityGlobals) = postSolution
		SolutionGuid = {6FEBB8D3-7A6F-4BA2-B21F-8767979E3E60}
	EndGlobalSection
EndGlobal
